// !$*UTF8*$!
{
	archiveVersion = 1;
	classes = {
	};
	objectVersion = 56;
	objects = {

/* Begin PBXBuildFile section */
		7654F4B62A289E2A00E3A0BE /* TossStockIndexAnimationPracticeApp.swift in Sources */ = {isa = PBXBuildFile; fileRef = 7654F4B52A289E2A00E3A0BE /* TossStockIndexAnimationPracticeApp.swift */; };
		7654F4B82A289E2A00E3A0BE /* ContentView.swift in Sources */ = {isa = PBXBuildFile; fileRef = 7654F4B72A289E2A00E3A0BE /* ContentView.swift */; };
		7654F4BA2A289E2A00E3A0BE /* Assets.xcassets in Resources */ = {isa = PBXBuildFile; fileRef = 7654F4B92A289E2A00E3A0BE /* Assets.xcassets */; };
		7654F4BD2A289E2A00E3A0BE /* Preview Assets.xcassets in Resources */ = {isa = PBXBuildFile; fileRef = 7654F4BC2A289E2A00E3A0BE /* Preview Assets.xcassets */; };
		7654F4C82A289E6100E3A0BE /* StockIndexManager.swift in Sources */ = {isa = PBXBuildFile; fileRef = 7654F4C72A289E6100E3A0BE /* StockIndexManager.swift */; };
		765EC21C2A2DB4090081D74F /* StockIndex.swift in Sources */ = {isa = PBXBuildFile; fileRef = 765EC21B2A2DB4090081D74F /* StockIndex.swift */; };
		765EC21E2A2DCEAB0081D74F /* MyTimer.swift in Sources */ = {isa = PBXBuildFile; fileRef = 765EC21D2A2DCEAB0081D74F /* MyTimer.swift */; };
/* End PBXBuildFile section */

/* Begin PBXFileReference section */
		7654F4B22A289E2A00E3A0BE /* TossStockIndexAnimationPractice.app */ = {isa = PBXFileReference; explicitFileType = wrapper.application; includeInIndex = 0; path = TossStockIndexAnimationPractice.app; sourceTree = BUILT_PRODUCTS_DIR; };
		7654F4B52A289E2A00E3A0BE /* TossStockIndexAnimationPracticeApp.swift */ = {isa = PBXFileReference; lastKnownFileType = sourcecode.swift; path = TossStockIndexAnimationPracticeApp.swift; sourceTree = "<group>"; };
		7654F4B72A289E2A00E3A0BE /* ContentView.swift */ = {isa = PBXFileReference; lastKnownFileType = sourcecode.swift; path = ContentView.swift; sourceTree = "<group>"; };
		7654F4B92A289E2A00E3A0BE /* Assets.xcassets */ = {isa = PBXFileReference; lastKnownFileType = folder.assetcatalog; path = Assets.xcassets; sourceTree = "<group>"; };
		7654F4BC2A289E2A00E3A0BE /* Preview Assets.xcassets */ = {isa = PBXFileReference; lastKnownFileType = folder.assetcatalog; path = "Preview Assets.xcassets"; sourceTree = "<group>"; };
		7654F4C72A289E6100E3A0BE /* StockIndexManager.swift */ = {isa = PBXFileReference; fileEncoding = 4; lastKnownFileType = sourcecode.swift; path = StockIndexManager.swift; sourceTree = "<group>"; };
		765EC21A2A2DAD650081D74F /* Info.plist */ = {isa = PBXFileReference; lastKnownFileType = text.plist; path = Info.plist; sourceTree = "<group>"; };
		765EC21B2A2DB4090081D74F /* StockIndex.swift */ = {isa = PBXFileReference; lastKnownFileType = sourcecode.swift; path = StockIndex.swift; sourceTree = "<group>"; };
		765EC21D2A2DCEAB0081D74F /* MyTimer.swift */ = {isa = PBXFileReference; lastKnownFileType = sourcecode.swift; path = MyTimer.swift; sourceTree = "<group>"; };
/* End PBXFileReference section */

/* Begin PBXFrameworksBuildPhase section */
		7654F4AF2A289E2A00E3A0BE /* Frameworks */ = {
			isa = PBXFrameworksBuildPhase;
			buildActionMask = 2147483647;
			files = (
			);
			runOnlyForDeploymentPostprocessing = 0;
		};
/* End PBXFrameworksBuildPhase section */

/* Begin PBXGroup section */
		7654F4A92A289E2A00E3A0BE = {
			isa = PBXGroup;
			children = (
				7654F4B42A289E2A00E3A0BE /* TossStockIndexAnimationPractice */,
				7654F4B32A289E2A00E3A0BE /* Products */,
			);
			sourceTree = "<group>";
		};
		7654F4B32A289E2A00E3A0BE /* Products */ = {
			isa = PBXGroup;
			children = (
				7654F4B22A289E2A00E3A0BE /* TossStockIndexAnimationPractice.app */,
			);
			name = Products;
			sourceTree = "<group>";
		};
		7654F4B42A289E2A00E3A0BE /* TossStockIndexAnimationPractice */ = {
			isa = PBXGroup;
			children = (
				765EC21A2A2DAD650081D74F /* Info.plist */,
				7654F4B52A289E2A00E3A0BE /* TossStockIndexAnimationPracticeApp.swift */,
				7654F4B72A289E2A00E3A0BE /* ContentView.swift */,
				765EC21D2A2DCEAB0081D74F /* MyTimer.swift */,
				7654F4C72A289E6100E3A0BE /* StockIndexManager.swift */,
				765EC21B2A2DB4090081D74F /* StockIndex.swift */,
				7654F4B92A289E2A00E3A0BE /* Assets.xcassets */,
				7654F4BB2A289E2A00E3A0BE /* Preview Content */,
			);
			path = TossStockIndexAnimationPractice;
			sourceTree = "<group>";
		};
		7654F4BB2A289E2A00E3A0BE /* Preview Content */ = {
			isa = PBXGroup;
			children = (
				7654F4BC2A289E2A00E3A0BE /* Preview Assets.xcassets */,
			);
			path = "Preview Content";
			sourceTree = "<group>";
		};
/* End PBXGroup section */

/* Begin PBXNativeTarget section */
		7654F4B12A289E2A00E3A0BE /* TossStockIndexAnimationPractice */ = {
			isa = PBXNativeTarget;
			buildConfigurationList = 7654F4C02A289E2A00E3A0BE /* Build configuration list for PBXNativeTarget "TossStockIndexAnimationPractice" */;
			buildPhases = (
				7654F4AE2A289E2A00E3A0BE /* Sources */,
				7654F4AF2A289E2A00E3A0BE /* Frameworks */,
				7654F4B02A289E2A00E3A0BE /* Resources */,
			);
			buildRules = (
			);
			dependencies = (
			);
			name = TossStockIndexAnimationPractice;
			productName = TossStockIndexAnimationPractice;
			productReference = 7654F4B22A289E2A00E3A0BE /* TossStockIndexAnimationPractice.app */;
			productType = "com.apple.product-type.application";
		};
/* End PBXNativeTarget section */

/* Begin PBXProject section */
		7654F4AA2A289E2A00E3A0BE /* Project object */ = {
			isa = PBXProject;
			attributes = {
				BuildIndependentTargetsInParallel = 1;
				LastSwiftUpdateCheck = 1430;
				LastUpgradeCheck = 1430;
				TargetAttributes = {
					7654F4B12A289E2A00E3A0BE = {
						CreatedOnToolsVersion = 14.3;
					};
				};
			};
			buildConfigurationList = 7654F4AD2A289E2A00E3A0BE /* Build configuration list for PBXProject "TossStockIndexAnimationPractice" */;
			compatibilityVersion = "Xcode 14.0";
			developmentRegion = en;
			hasScannedForEncodings = 0;
			knownRegions = (
				en,
				Base,
			);
			mainGroup = 7654F4A92A289E2A00E3A0BE;
			productRefGroup = 7654F4B32A289E2A00E3A0BE /* Products */;
			projectDirPath = "";
			projectRoot = "";
			targets = (
				7654F4B12A289E2A00E3A0BE /* TossStockIndexAnimationPractice */,
			);
		};
/* End PBXProject section */

/* Begin PBXResourcesBuildPhase section */
		7654F4B02A289E2A00E3A0BE /* Resources */ = {
			isa = PBXResourcesBuildPhase;
			buildActionMask = 2147483647;
			files = (
				7654F4BD2A289E2A00E3A0BE /* Preview Assets.xcassets in Resources */,
				7654F4BA2A289E2A00E3A0BE /* Assets.xcassets in Resources */,
			);
			runOnlyForDeploymentPostprocessing = 0;
		};
/* End PBXResourcesBuildPhase section */

/* Begin PBXSourcesBuildPhase section */
		7654F4AE2A289E2A00E3A0BE /* Sources */ = {
			isa = PBXSourcesBuildPhase;
			buildActionMask = 2147483647;
			files = (
				7654F4B82A289E2A00E3A0BE /* ContentView.swift in Sources */,
				7654F4C82A289E6100E3A0BE /* StockIndexManager.swift in Sources */,
				7654F4B62A289E2A00E3A0BE /* TossStockIndexAnimationPracticeApp.swift in Sources */,
				765EC21C2A2DB4090081D74F /* StockIndex.swift in Sources */,
				765EC21E2A2DCEAB0081D74F /* MyTimer.swift in Sources */,
			);
			runOnlyForDeploymentPostprocessing = 0;
		};
/* End PBXSourcesBuildPhase section */

/* Begin XCBuildConfiguration section */
		7654F4BE2A289E2A00E3A0BE /* Debug */ = {
			isa = XCBuildConfiguration;
			buildSettings = {
				ALWAYS_SEARCH_USER_PATHS = NO;
				CLANG_ANALYZER_NONNULL = YES;
				CLANG_ANALYZER_NUMBER_OBJECT_CONVERSION = YES_AGGRESSIVE;
				CLANG_CXX_LANGUAGE_STANDARD = "gnu++20";
				CLANG_ENABLE_MODULES = YES;
				CLANG_ENABLE_OBJC_ARC = YES;
				CLANG_ENABLE_OBJC_WEAK = YES;
				CLANG_WARN_BLOCK_CAPTURE_AUTORELEASING = YES;
				CLANG_WARN_BOOL_CONVERSION = YES;
				CLANG_WARN_COMMA = YES;
				CLANG_WARN_CONSTANT_CONVERSION = YES;
				CLANG_WARN_DEPRECATED_OBJC_IMPLEMENTATIONS = YES;
				CLANG_WARN_DIRECT_OBJC_ISA_USAGE = YES_ERROR;
				CLANG_WARN_DOCUMENTATION_COMMENTS = YES;
				CLANG_WARN_EMPTY_BODY = YES;
				CLANG_WARN_ENUM_CONVERSION = YES;
				CLANG_WARN_INFINITE_RECURSION = YES;
				CLANG_WARN_INT_CONVERSION = YES;
				CLANG_WARN_NON_LITERAL_NULL_CONVERSION = YES;
				CLANG_WARN_OBJC_IMPLICIT_RETAIN_SELF = YES;
				CLANG_WARN_OBJC_LITERAL_CONVERSION = YES;
				CLANG_WARN_OBJC_ROOT_CLASS = YES_ERROR;
				CLANG_WARN_QUOTED_INCLUDE_IN_FRAMEWORK_HEADER = YES;
				CLANG_WARN_RANGE_LOOP_ANALYSIS = YES;
				CLANG_WARN_STRICT_PROTOTYPES = YES;
				CLANG_WARN_SUSPICIOUS_MOVE = YES;
				CLANG_WARN_UNGUARDED_AVAILABILITY = YES_AGGRESSIVE;
				CLANG_WARN_UNREACHABLE_CODE = YES;
				CLANG_WARN__DUPLICATE_METHOD_MATCH = YES;
				COPY_PHASE_STRIP = NO;
				DEBUG_INFORMATION_FORMAT = dwarf;
				ENABLE_STRICT_OBJC_MSGSEND = YES;
				ENABLE_TESTABILITY = YES;
				GCC_C_LANGUAGE_STANDARD = gnu11;
				GCC_DYNAMIC_NO_PIC = NO;
				GCC_NO_COMMON_BLOCKS = YES;
				GCC_OPTIMIZATION_LEVEL = 0;
				GCC_PREPROCESSOR_DEFINITIONS = (
					"DEBUG=1",
					"$(inherited)",
				);
				GCC_WARN_64_TO_32_BIT_CONVERSION = YES;
				GCC_WARN_ABOUT_RETURN_TYPE = YES_ERROR;
				GCC_WARN_UNDECLARED_SELECTOR = YES;
				GCC_WARN_UNINITIALIZED_AUTOS = YES_AGGRESSIVE;
				GCC_WARN_UNUSED_FUNCTION = YES;
				GCC_WARN_UNUSED_VARIABLE = YES;
				IPHONEOS_DEPLOYMENT_TARGET = 16.4;
				MTL_ENABLE_DEBUG_INFO = INCLUDE_SOURCE;
				MTL_FAST_MATH = YES;
				ONLY_ACTIVE_ARCH = YES;
				SDKROOT = iphoneos;
				SWIFT_ACTIVE_COMPILATION_CONDITIONS = DEBUG;
				SWIFT_OPTIMIZATION_LEVEL = "-Onone";
			};
			name = Debug;
		};
		7654F4BF2A289E2A00E3A0BE /* Release */ = {
			isa = XCBuildConfiguration;
			buildSettings = {
				ALWAYS_SEARCH_USER_PATHS = NO;
				CLANG_ANALYZER_NONNULL = YES;
				CLANG_ANALYZER_NUMBER_OBJECT_CONVERSION = YES_AGGRESSIVE;
				CLANG_CXX_LANGUAGE_STANDARD = "gnu++20";
				CLANG_ENABLE_MODULES = YES;
				CLANG_ENABLE_OBJC_ARC = YES;
				CLANG_ENABLE_OBJC_WEAK = YES;
				CLANG_WARN_BLOCK_CAPTURE_AUTORELEASING = YES;
				CLANG_WARN_BOOL_CONVERSION = YES;
				CLANG_WARN_COMMA = YES;
				CLANG_WARN_CONSTANT_CONVERSION = YES;
				CLANG_WARN_DEPRECATED_OBJC_IMPLEMENTATIONS = YES;
				CLANG_WARN_DIRECT_OBJC_ISA_USAGE = YES_ERROR;
				CLANG_WARN_DOCUMENTATION_COMMENTS = YES;
				CLANG_WARN_EMPTY_BODY = YES;
				CLANG_WARN_ENUM_CONVERSION = YES;
				CLANG_WARN_INFINITE_RECURSION = YES;
				CLANG_WARN_INT_CONVERSION = YES;
				CLANG_WARN_NON_LITERAL_NULL_CONVERSION = YES;
				CLANG_WARN_OBJC_IMPLICIT_RETAIN_SELF = YES;
				CLANG_WARN_OBJC_LITERAL_CONVERSION = YES;
				CLANG_WARN_OBJC_ROOT_CLASS = YES_ERROR;
				CLANG_WARN_QUOTED_INCLUDE_IN_FRAMEWORK_HEADER = YES;
				CLANG_WARN_RANGE_LOOP_ANALYSIS = YES;
				CLANG_WARN_STRICT_PROTOTYPES = YES;
				CLANG_WARN_SUSPICIOUS_MOVE = YES;
				CLANG_WARN_UNGUARDED_AVAILABILITY = YES_AGGRESSIVE;
				CLANG_WARN_UNREACHABLE_CODE = YES;
				CLANG_WARN__DUPLICATE_METHOD_MATCH = YES;
				COPY_PHASE_STRIP = NO;
				DEBUG_INFORMATION_FORMAT = "dwarf-with-dsym";
				ENABLE_NS_ASSERTIONS = NO;
				ENABLE_STRICT_OBJC_MSGSEND = YES;
				GCC_C_LANGUAGE_STANDARD = gnu11;
				GCC_NO_COMMON_BLOCKS = YES;
				GCC_WARN_64_TO_32_BIT_CONVERSION = YES;
				GCC_WARN_ABOUT_RETURN_TYPE = YES_ERROR;
				GCC_WARN_UNDECLARED_SELECTOR = YES;
				GCC_WARN_UNINITIALIZED_AUTOS = YES_AGGRESSIVE;
				GCC_WARN_UNUSED_FUNCTION = YES;
				GCC_WARN_UNUSED_VARIABLE = YES;
				IPHONEOS_DEPLOYMENT_TARGET = 16.4;
				MTL_ENABLE_DEBUG_INFO = NO;
				MTL_FAST_MATH = YES;
				SDKROOT = iphoneos;
				SWIFT_COMPILATION_MODE = wholemodule;
				SWIFT_OPTIMIZATION_LEVEL = "-O";
				VALIDATE_PRODUCT = YES;
			};
			name = Release;
		};
		7654F4C12A289E2A00E3A0BE /* Debug */ = {
			isa = XCBuildConfiguration;
			buildSettings = {
				ASSETCATALOG_COMPILER_APPICON_NAME = AppIcon;
				ASSETCATALOG_COMPILER_GLOBAL_ACCENT_COLOR_NAME = AccentColor;
				CODE_SIGN_STYLE = Automatic;
				CURRENT_PROJECT_VERSION = 1;
				DEVELOPMENT_ASSET_PATHS = "\"TossStockIndexAnimationPractice/Preview Content\"";
				DEVELOPMENT_TEAM = 54ZG4WU22U;
				ENABLE_PREVIEWS = YES;
				GENERATE_INFOPLIST_FILE = YES;
				INFOPLIST_FILE = TossStockIndexAnimationPractice/Info.plist;
				INFOPLIST_KEY_UIApplicationSceneManifest_Generation = YES;
				INFOPLIST_KEY_UIApplicationSupportsIndirectInputEvents = YES;
				INFOPLIST_KEY_UILaunchScreen_Generation = YES;
				INFOPLIST_KEY_UISupportedInterfaceOrientations_iPad = "UIInterfaceOrientationPortrait UIInterfaceOrientationPortraitUpsideDown UIInterfaceOrientationLandscapeLeft UIInterfaceOrientationLandscapeRight";
				INFOPLIST_KEY_UISupportedInterfaceOrientations_iPhone = "UIInterfaceOrientationPortrait UIInterfaceOrientationLandscapeLeft UIInterfaceOrientationLandscapeRight";
				IPHONEOS_DEPLOYMENT_TARGET = 16.0;
				LD_RUNPATH_SEARCH_PATHS = (
					"$(inherited)",
					"@executable_path/Frameworks",
				);
				MARKETING_VERSION = 1.0;
				PRODUCT_BUNDLE_IDENTIFIER = com.codeduck.TossStockIndexAnimationPractice;
				PRODUCT_NAME = "$(TARGET_NAME)";
				SWIFT_EMIT_LOC_STRINGS = YES;
				SWIFT_VERSION = 5.0;
				TARGETED_DEVICE_FAMILY = "1,2";
			};
			name = Debug;
		};
		7654F4C22A289E2A00E3A0BE /* Release */ = {
			isa = XCBuildConfiguration;
			buildSettings = {
				ASSETCATALOG_COMPILER_APPICON_NAME = AppIcon;
				ASSETCATALOG_COMPILER_GLOBAL_ACCENT_COLOR_NAME = AccentColor;
				CODE_SIGN_STYLE = Automatic;
				CURRENT_PROJECT_VERSION = 1;
				DEVELOPMENT_ASSET_PATHS = "\"TossStockIndexAnimationPractice/Preview Content\"";
				DEVELOPMENT_TEAM = 54ZG4WU22U;
				ENABLE_PREVIEWS = YES;
				GENERATE_INFOPLIST_FILE = YES;
				INFOPLIST_FILE = TossStockIndexAnimationPractice/Info.plist;
				INFOPLIST_KEY_UIApplicationSceneManifest_Generation = YES;
				INFOPLIST_KEY_UIApplicationSupportsIndirectInputEvents = YES;
				INFOPLIST_KEY_UILaunchScreen_Generation = YES;
				INFOPLIST_KEY_UISupportedInterfaceOrientations_iPad = "UIInterfaceOrientationPortrait UIInterfaceOrientationPortraitUpsideDown UIInterfaceOrientationLandscapeLeft UIInterfaceOrientationLandscapeRight";
				INFOPLIST_KEY_UISupportedInterfaceOrientations_iPhone = "UIInterfaceOrientationPortrait UIInterfaceOrientationLandscapeLeft UIInterfaceOrientationLandscapeRight";
				IPHONEOS_DEPLOYMENT_TARGET = 16.0;
				LD_RUNPATH_SEARCH_PATHS = (
					"$(inherited)",
					"@executable_path/Frameworks",
				);
				MARKETING_VERSION = 1.0;
				PRODUCT_BUNDLE_IDENTIFIER = com.codeduck.TossStockIndexAnimationPractice;
				PRODUCT_NAME = "$(TARGET_NAME)";
				SWIFT_EMIT_LOC_STRINGS = YES;
				SWIFT_VERSION = 5.0;
				TARGETED_DEVICE_FAMILY = "1,2";
			};
			name = Release;
		};
/* End XCBuildConfiguration section */

/* Begin XCConfigurationList section */
		7654F4AD2A289E2A00E3A0BE /* Build configuration list for PBXProject "TossStockIndexAnimationPractice" */ = {
			isa = XCConfigurationList;
			buildConfigurations = (
				7654F4BE2A289E2A00E3A0BE /* Debug */,
				7654F4BF2A289E2A00E3A0BE /* Release */,
			);
			defaultConfigurationIsVisible = 0;
			defaultConfigurationName = Release;
		};
		7654F4C02A289E2A00E3A0BE /* Build configuration list for PBXNativeTarget "TossStockIndexAnimationPractice" */ = {
			isa = XCConfigurationList;
			buildConfigurations = (
				7654F4C12A289E2A00E3A0BE /* Debug */,
				7654F4C22A289E2A00E3A0BE /* Release */,
			);
			defaultConfigurationIsVisible = 0;
			defaultConfigurationName = Release;
		};
/* End XCConfigurationList section */
	};
	rootObject = 7654F4AA2A289E2A00E3A0BE /* Project object */;
}
