// !$*UTF8*$!
{
	archiveVersion = 1;
	classes = {
	};
	objectVersion = 56;
	objects = {

/* Begin PBXBuildFile section */
		76BA5A0D2A1C9D080084C730 /* TossAnimationPracticeApp.swift in Sources */ = {isa = PBXBuildFile; fileRef = 76BA5A0C2A1C9D080084C730 /* TossAnimationPracticeApp.swift */; };
		76BA5A0F2A1C9D080084C730 /* ContentView.swift in Sources */ = {isa = PBXBuildFile; fileRef = 76BA5A0E2A1C9D080084C730 /* ContentView.swift */; };
		76BA5A112A1C9D090084C730 /* Assets.xcassets in Resources */ = {isa = PBXBuildFile; fileRef = 76BA5A102A1C9D090084C730 /* Assets.xcassets */; };
		76BA5A142A1C9D090084C730 /* Preview Assets.xcassets in Resources */ = {isa = PBXBuildFile; fileRef = 76BA5A132A1C9D090084C730 /* Preview Assets.xcassets */; };
		76BA5A1F2A1C9D9C0084C730 /* Lottie in Frameworks */ = {isa = PBXBuildFile; productRef = 76BA5A1E2A1C9D9C0084C730 /* Lottie */; };
		76BA5A262A1C9DB20084C730 /* Color+.swift in Sources */ = {isa = PBXBuildFile; fileRef = 76BA5A202A1C9DB20084C730 /* Color+.swift */; };
		76BA5A272A1C9DB20084C730 /* ButtonCustom.swift in Sources */ = {isa = PBXBuildFile; fileRef = 76BA5A212A1C9DB20084C730 /* ButtonCustom.swift */; };
		76BA5A282A1C9DB20084C730 /* AssetType.swift in Sources */ = {isa = PBXBuildFile; fileRef = 76BA5A222A1C9DB20084C730 /* AssetType.swift */; };
		76BA5A292A1C9DB20084C730 /* Lottie.swift in Sources */ = {isa = PBXBuildFile; fileRef = 76BA5A232A1C9DB20084C730 /* Lottie.swift */; };
		76BA5A2A2A1C9DB20084C730 /* Market.json in Resources */ = {isa = PBXBuildFile; fileRef = 76BA5A242A1C9DB20084C730 /* Market.json */; };
		76BA5A2B2A1C9DB20084C730 /* TossAnimationView.swift in Sources */ = {isa = PBXBuildFile; fileRef = 76BA5A252A1C9DB20084C730 /* TossAnimationView.swift */; };
/* End PBXBuildFile section */

/* Begin PBXFileReference section */
		76BA5A092A1C9D080084C730 /* TossAnimationPractice.app */ = {isa = PBXFileReference; explicitFileType = wrapper.application; includeInIndex = 0; path = TossAnimationPractice.app; sourceTree = BUILT_PRODUCTS_DIR; };
		76BA5A0C2A1C9D080084C730 /* TossAnimationPracticeApp.swift */ = {isa = PBXFileReference; lastKnownFileType = sourcecode.swift; path = TossAnimationPracticeApp.swift; sourceTree = "<group>"; };
		76BA5A0E2A1C9D080084C730 /* ContentView.swift */ = {isa = PBXFileReference; lastKnownFileType = sourcecode.swift; path = ContentView.swift; sourceTree = "<group>"; };
		76BA5A102A1C9D090084C730 /* Assets.xcassets */ = {isa = PBXFileReference; lastKnownFileType = folder.assetcatalog; path = Assets.xcassets; sourceTree = "<group>"; };
		76BA5A132A1C9D090084C730 /* Preview Assets.xcassets */ = {isa = PBXFileReference; lastKnownFileType = folder.assetcatalog; path = "Preview Assets.xcassets"; sourceTree = "<group>"; };
		76BA5A202A1C9DB20084C730 /* Color+.swift */ = {isa = PBXFileReference; fileEncoding = 4; lastKnownFileType = sourcecode.swift; path = "Color+.swift"; sourceTree = "<group>"; };
		76BA5A212A1C9DB20084C730 /* ButtonCustom.swift */ = {isa = PBXFileReference; fileEncoding = 4; lastKnownFileType = sourcecode.swift; path = ButtonCustom.swift; sourceTree = "<group>"; };
		76BA5A222A1C9DB20084C730 /* AssetType.swift */ = {isa = PBXFileReference; fileEncoding = 4; lastKnownFileType = sourcecode.swift; path = AssetType.swift; sourceTree = "<group>"; };
		76BA5A232A1C9DB20084C730 /* Lottie.swift */ = {isa = PBXFileReference; fileEncoding = 4; lastKnownFileType = sourcecode.swift; path = Lottie.swift; sourceTree = "<group>"; };
		76BA5A242A1C9DB20084C730 /* Market.json */ = {isa = PBXFileReference; fileEncoding = 4; lastKnownFileType = text.json; path = Market.json; sourceTree = "<group>"; };
		76BA5A252A1C9DB20084C730 /* TossAnimationView.swift */ = {isa = PBXFileReference; fileEncoding = 4; lastKnownFileType = sourcecode.swift; path = TossAnimationView.swift; sourceTree = "<group>"; };
/* End PBXFileReference section */

/* Begin PBXFrameworksBuildPhase section */
		76BA5A062A1C9D080084C730 /* Frameworks */ = {
			isa = PBXFrameworksBuildPhase;
			buildActionMask = 2147483647;
			files = (
				76BA5A1F2A1C9D9C0084C730 /* Lottie in Frameworks */,
			);
			runOnlyForDeploymentPostprocessing = 0;
		};
/* End PBXFrameworksBuildPhase section */

/* Begin PBXGroup section */
		76BA5A002A1C9D080084C730 = {
			isa = PBXGroup;
			children = (
				76BA5A0B2A1C9D080084C730 /* TossAnimationPractice */,
				76BA5A0A2A1C9D080084C730 /* Products */,
			);
			sourceTree = "<group>";
		};
		76BA5A0A2A1C9D080084C730 /* Products */ = {
			isa = PBXGroup;
			children = (
				76BA5A092A1C9D080084C730 /* TossAnimationPractice.app */,
			);
			name = Products;
			sourceTree = "<group>";
		};
		76BA5A0B2A1C9D080084C730 /* TossAnimationPractice */ = {
			isa = PBXGroup;
			children = (
				76BA5A0C2A1C9D080084C730 /* TossAnimationPracticeApp.swift */,
				76BA5A0E2A1C9D080084C730 /* ContentView.swift */,
				76BA5A222A1C9DB20084C730 /* AssetType.swift */,
				76BA5A212A1C9DB20084C730 /* ButtonCustom.swift */,
				76BA5A202A1C9DB20084C730 /* Color+.swift */,
				76BA5A232A1C9DB20084C730 /* Lottie.swift */,
				76BA5A242A1C9DB20084C730 /* Market.json */,
				76BA5A252A1C9DB20084C730 /* TossAnimationView.swift */,
				76BA5A102A1C9D090084C730 /* Assets.xcassets */,
				76BA5A122A1C9D090084C730 /* Preview Content */,
			);
			path = TossAnimationPractice;
			sourceTree = "<group>";
		};
		76BA5A122A1C9D090084C730 /* Preview Content */ = {
			isa = PBXGroup;
			children = (
				76BA5A132A1C9D090084C730 /* Preview Assets.xcassets */,
			);
			path = "Preview Content";
			sourceTree = "<group>";
		};
/* End PBXGroup section */

/* Begin PBXNativeTarget section */
		76BA5A082A1C9D080084C730 /* TossAnimationPractice */ = {
			isa = PBXNativeTarget;
			buildConfigurationList = 76BA5A172A1C9D090084C730 /* Build configuration list for PBXNativeTarget "TossAnimationPractice" */;
			buildPhases = (
				76BA5A052A1C9D080084C730 /* Sources */,
				76BA5A062A1C9D080084C730 /* Frameworks */,
				76BA5A072A1C9D080084C730 /* Resources */,
			);
			buildRules = (
			);
			dependencies = (
			);
			name = TossAnimationPractice;
			packageProductDependencies = (
				76BA5A1E2A1C9D9C0084C730 /* Lottie */,
			);
			productName = TossAnimationPractice;
			productReference = 76BA5A092A1C9D080084C730 /* TossAnimationPractice.app */;
			productType = "com.apple.product-type.application";
		};
/* End PBXNativeTarget section */

/* Begin PBXProject section */
		76BA5A012A1C9D080084C730 /* Project object */ = {
			isa = PBXProject;
			attributes = {
				BuildIndependentTargetsInParallel = 1;
				LastSwiftUpdateCheck = 1430;
				LastUpgradeCheck = 1430;
				TargetAttributes = {
					76BA5A082A1C9D080084C730 = {
						CreatedOnToolsVersion = 14.3;
					};
				};
			};
			buildConfigurationList = 76BA5A042A1C9D080084C730 /* Build configuration list for PBXProject "TossAnimationPractice" */;
			compatibilityVersion = "Xcode 14.0";
			developmentRegion = en;
			hasScannedForEncodings = 0;
			knownRegions = (
				en,
				Base,
			);
			mainGroup = 76BA5A002A1C9D080084C730;
			packageReferences = (
				76BA5A1D2A1C9D9C0084C730 /* XCRemoteSwiftPackageReference "lottie-ios" */,
			);
			productRefGroup = 76BA5A0A2A1C9D080084C730 /* Products */;
			projectDirPath = "";
			projectRoot = "";
			targets = (
				76BA5A082A1C9D080084C730 /* TossAnimationPractice */,
			);
		};
/* End PBXProject section */

/* Begin PBXResourcesBuildPhase section */
		76BA5A072A1C9D080084C730 /* Resources */ = {
			isa = PBXResourcesBuildPhase;
			buildActionMask = 2147483647;
			files = (
				76BA5A142A1C9D090084C730 /* Preview Assets.xcassets in Resources */,
				76BA5A112A1C9D090084C730 /* Assets.xcassets in Resources */,
				76BA5A2A2A1C9DB20084C730 /* Market.json in Resources */,
			);
			runOnlyForDeploymentPostprocessing = 0;
		};
/* End PBXResourcesBuildPhase section */

/* Begin PBXSourcesBuildPhase section */
		76BA5A052A1C9D080084C730 /* Sources */ = {
			isa = PBXSourcesBuildPhase;
			buildActionMask = 2147483647;
			files = (
				76BA5A282A1C9DB20084C730 /* AssetType.swift in Sources */,
				76BA5A272A1C9DB20084C730 /* ButtonCustom.swift in Sources */,
				76BA5A292A1C9DB20084C730 /* Lottie.swift in Sources */,
				76BA5A0F2A1C9D080084C730 /* ContentView.swift in Sources */,
				76BA5A262A1C9DB20084C730 /* Color+.swift in Sources */,
				76BA5A2B2A1C9DB20084C730 /* TossAnimationView.swift in Sources */,
				76BA5A0D2A1C9D080084C730 /* TossAnimationPracticeApp.swift in Sources */,
			);
			runOnlyForDeploymentPostprocessing = 0;
		};
/* End PBXSourcesBuildPhase section */

/* Begin XCBuildConfiguration section */
		76BA5A152A1C9D090084C730 /* Debug */ = {
			isa = XCBuildConfiguration;
			buildSettings = {
				ALWAYS_SEARCH_USER_PATHS = NO;
				CLANG_ANALYZER_NONNULL = YES;
				CLANG_ANALYZER_NUMBER_OBJECT_CONVERSION = YES_AGGRESSIVE;
				CLANG_CXX_LANGUAGE_STANDARD = "gnu++20";
				CLANG_ENABLE_MODULES = YES;
				CLANG_ENABLE_OBJC_ARC = YES;
				CLANG_ENABLE_OBJC_WEAK = YES;
				CLANG_WARN_BLOCK_CAPTURE_AUTORELEASING = YES;
				CLANG_WARN_BOOL_CONVERSION = YES;
				CLANG_WARN_COMMA = YES;
				CLANG_WARN_CONSTANT_CONVERSION = YES;
				CLANG_WARN_DEPRECATED_OBJC_IMPLEMENTATIONS = YES;
				CLANG_WARN_DIRECT_OBJC_ISA_USAGE = YES_ERROR;
				CLANG_WARN_DOCUMENTATION_COMMENTS = YES;
				CLANG_WARN_EMPTY_BODY = YES;
				CLANG_WARN_ENUM_CONVERSION = YES;
				CLANG_WARN_INFINITE_RECURSION = YES;
				CLANG_WARN_INT_CONVERSION = YES;
				CLANG_WARN_NON_LITERAL_NULL_CONVERSION = YES;
				CLANG_WARN_OBJC_IMPLICIT_RETAIN_SELF = YES;
				CLANG_WARN_OBJC_LITERAL_CONVERSION = YES;
				CLANG_WARN_OBJC_ROOT_CLASS = YES_ERROR;
				CLANG_WARN_QUOTED_INCLUDE_IN_FRAMEWORK_HEADER = YES;
				CLANG_WARN_RANGE_LOOP_ANALYSIS = YES;
				CLANG_WARN_STRICT_PROTOTYPES = YES;
				CLANG_WARN_SUSPICIOUS_MOVE = YES;
				CLANG_WARN_UNGUARDED_AVAILABILITY = YES_AGGRESSIVE;
				CLANG_WARN_UNREACHABLE_CODE = YES;
				CLANG_WARN__DUPLICATE_METHOD_MATCH = YES;
				COPY_PHASE_STRIP = NO;
				DEBUG_INFORMATION_FORMAT = dwarf;
				ENABLE_STRICT_OBJC_MSGSEND = YES;
				ENABLE_TESTABILITY = YES;
				GCC_C_LANGUAGE_STANDARD = gnu11;
				GCC_DYNAMIC_NO_PIC = NO;
				GCC_NO_COMMON_BLOCKS = YES;
				GCC_OPTIMIZATION_LEVEL = 0;
				GCC_PREPROCESSOR_DEFINITIONS = (
					"DEBUG=1",
					"$(inherited)",
				);
				GCC_WARN_64_TO_32_BIT_CONVERSION = YES;
				GCC_WARN_ABOUT_RETURN_TYPE = YES_ERROR;
				GCC_WARN_UNDECLARED_SELECTOR = YES;
				GCC_WARN_UNINITIALIZED_AUTOS = YES_AGGRESSIVE;
				GCC_WARN_UNUSED_FUNCTION = YES;
				GCC_WARN_UNUSED_VARIABLE = YES;
				IPHONEOS_DEPLOYMENT_TARGET = 16.4;
				MTL_ENABLE_DEBUG_INFO = INCLUDE_SOURCE;
				MTL_FAST_MATH = YES;
				ONLY_ACTIVE_ARCH = YES;
				SDKROOT = iphoneos;
				SWIFT_ACTIVE_COMPILATION_CONDITIONS = DEBUG;
				SWIFT_OPTIMIZATION_LEVEL = "-Onone";
			};
			name = Debug;
		};
		76BA5A162A1C9D090084C730 /* Release */ = {
			isa = XCBuildConfiguration;
			buildSettings = {
				ALWAYS_SEARCH_USER_PATHS = NO;
				CLANG_ANALYZER_NONNULL = YES;
				CLANG_ANALYZER_NUMBER_OBJECT_CONVERSION = YES_AGGRESSIVE;
				CLANG_CXX_LANGUAGE_STANDARD = "gnu++20";
				CLANG_ENABLE_MODULES = YES;
				CLANG_ENABLE_OBJC_ARC = YES;
				CLANG_ENABLE_OBJC_WEAK = YES;
				CLANG_WARN_BLOCK_CAPTURE_AUTORELEASING = YES;
				CLANG_WARN_BOOL_CONVERSION = YES;
				CLANG_WARN_COMMA = YES;
				CLANG_WARN_CONSTANT_CONVERSION = YES;
				CLANG_WARN_DEPRECATED_OBJC_IMPLEMENTATIONS = YES;
				CLANG_WARN_DIRECT_OBJC_ISA_USAGE = YES_ERROR;
				CLANG_WARN_DOCUMENTATION_COMMENTS = YES;
				CLANG_WARN_EMPTY_BODY = YES;
				CLANG_WARN_ENUM_CONVERSION = YES;
				CLANG_WARN_INFINITE_RECURSION = YES;
				CLANG_WARN_INT_CONVERSION = YES;
				CLANG_WARN_NON_LITERAL_NULL_CONVERSION = YES;
				CLANG_WARN_OBJC_IMPLICIT_RETAIN_SELF = YES;
				CLANG_WARN_OBJC_LITERAL_CONVERSION = YES;
				CLANG_WARN_OBJC_ROOT_CLASS = YES_ERROR;
				CLANG_WARN_QUOTED_INCLUDE_IN_FRAMEWORK_HEADER = YES;
				CLANG_WARN_RANGE_LOOP_ANALYSIS = YES;
				CLANG_WARN_STRICT_PROTOTYPES = YES;
				CLANG_WARN_SUSPICIOUS_MOVE = YES;
				CLANG_WARN_UNGUARDED_AVAILABILITY = YES_AGGRESSIVE;
				CLANG_WARN_UNREACHABLE_CODE = YES;
				CLANG_WARN__DUPLICATE_METHOD_MATCH = YES;
				COPY_PHASE_STRIP = NO;
				DEBUG_INFORMATION_FORMAT = "dwarf-with-dsym";
				ENABLE_NS_ASSERTIONS = NO;
				ENABLE_STRICT_OBJC_MSGSEND = YES;
				GCC_C_LANGUAGE_STANDARD = gnu11;
				GCC_NO_COMMON_BLOCKS = YES;
				GCC_WARN_64_TO_32_BIT_CONVERSION = YES;
				GCC_WARN_ABOUT_RETURN_TYPE = YES_ERROR;
				GCC_WARN_UNDECLARED_SELECTOR = YES;
				GCC_WARN_UNINITIALIZED_AUTOS = YES_AGGRESSIVE;
				GCC_WARN_UNUSED_FUNCTION = YES;
				GCC_WARN_UNUSED_VARIABLE = YES;
				IPHONEOS_DEPLOYMENT_TARGET = 16.4;
				MTL_ENABLE_DEBUG_INFO = NO;
				MTL_FAST_MATH = YES;
				SDKROOT = iphoneos;
				SWIFT_COMPILATION_MODE = wholemodule;
				SWIFT_OPTIMIZATION_LEVEL = "-O";
				VALIDATE_PRODUCT = YES;
			};
			name = Release;
		};
		76BA5A182A1C9D090084C730 /* Debug */ = {
			isa = XCBuildConfiguration;
			buildSettings = {
				ASSETCATALOG_COMPILER_APPICON_NAME = AppIcon;
				ASSETCATALOG_COMPILER_GLOBAL_ACCENT_COLOR_NAME = AccentColor;
				CODE_SIGN_STYLE = Automatic;
				CURRENT_PROJECT_VERSION = 1;
				DEVELOPMENT_ASSET_PATHS = "\"TossAnimationPractice/Preview Content\"";
				DEVELOPMENT_TEAM = 54ZG4WU22U;
				ENABLE_PREVIEWS = YES;
				GENERATE_INFOPLIST_FILE = YES;
				INFOPLIST_KEY_UIApplicationSceneManifest_Generation = YES;
				INFOPLIST_KEY_UIApplicationSupportsIndirectInputEvents = YES;
				INFOPLIST_KEY_UILaunchScreen_Generation = YES;
				INFOPLIST_KEY_UISupportedInterfaceOrientations_iPad = "UIInterfaceOrientationPortrait UIInterfaceOrientationPortraitUpsideDown UIInterfaceOrientationLandscapeLeft UIInterfaceOrientationLandscapeRight";
				INFOPLIST_KEY_UISupportedInterfaceOrientations_iPhone = "UIInterfaceOrientationPortrait UIInterfaceOrientationLandscapeLeft UIInterfaceOrientationLandscapeRight";
				LD_RUNPATH_SEARCH_PATHS = (
					"$(inherited)",
					"@executable_path/Frameworks",
				);
				MARKETING_VERSION = 1.0;
				PRODUCT_BUNDLE_IDENTIFIER = com.codeduck.TossAnimationPractice;
				PRODUCT_NAME = "$(TARGET_NAME)";
				SWIFT_EMIT_LOC_STRINGS = YES;
				SWIFT_VERSION = 5.0;
				TARGETED_DEVICE_FAMILY = "1,2";
			};
			name = Debug;
		};
		76BA5A192A1C9D090084C730 /* Release */ = {
			isa = XCBuildConfiguration;
			buildSettings = {
				ASSETCATALOG_COMPILER_APPICON_NAME = AppIcon;
				ASSETCATALOG_COMPILER_GLOBAL_ACCENT_COLOR_NAME = AccentColor;
				CODE_SIGN_STYLE = Automatic;
				CURRENT_PROJECT_VERSION = 1;
				DEVELOPMENT_ASSET_PATHS = "\"TossAnimationPractice/Preview Content\"";
				DEVELOPMENT_TEAM = 54ZG4WU22U;
				ENABLE_PREVIEWS = YES;
				GENERATE_INFOPLIST_FILE = YES;
				INFOPLIST_KEY_UIApplicationSceneManifest_Generation = YES;
				INFOPLIST_KEY_UIApplicationSupportsIndirectInputEvents = YES;
				INFOPLIST_KEY_UILaunchScreen_Generation = YES;
				INFOPLIST_KEY_UISupportedInterfaceOrientations_iPad = "UIInterfaceOrientationPortrait UIInterfaceOrientationPortraitUpsideDown UIInterfaceOrientationLandscapeLeft UIInterfaceOrientationLandscapeRight";
				INFOPLIST_KEY_UISupportedInterfaceOrientations_iPhone = "UIInterfaceOrientationPortrait UIInterfaceOrientationLandscapeLeft UIInterfaceOrientationLandscapeRight";
				LD_RUNPATH_SEARCH_PATHS = (
					"$(inherited)",
					"@executable_path/Frameworks",
				);
				MARKETING_VERSION = 1.0;
				PRODUCT_BUNDLE_IDENTIFIER = com.codeduck.TossAnimationPractice;
				PRODUCT_NAME = "$(TARGET_NAME)";
				SWIFT_EMIT_LOC_STRINGS = YES;
				SWIFT_VERSION = 5.0;
				TARGETED_DEVICE_FAMILY = "1,2";
			};
			name = Release;
		};
/* End XCBuildConfiguration section */

/* Begin XCConfigurationList section */
		76BA5A042A1C9D080084C730 /* Build configuration list for PBXProject "TossAnimationPractice" */ = {
			isa = XCConfigurationList;
			buildConfigurations = (
				76BA5A152A1C9D090084C730 /* Debug */,
				76BA5A162A1C9D090084C730 /* Release */,
			);
			defaultConfigurationIsVisible = 0;
			defaultConfigurationName = Release;
		};
		76BA5A172A1C9D090084C730 /* Build configuration list for PBXNativeTarget "TossAnimationPractice" */ = {
			isa = XCConfigurationList;
			buildConfigurations = (
				76BA5A182A1C9D090084C730 /* Debug */,
				76BA5A192A1C9D090084C730 /* Release */,
			);
			defaultConfigurationIsVisible = 0;
			defaultConfigurationName = Release;
		};
/* End XCConfigurationList section */

/* Begin XCRemoteSwiftPackageReference section */
		76BA5A1D2A1C9D9C0084C730 /* XCRemoteSwiftPackageReference "lottie-ios" */ = {
			isa = XCRemoteSwiftPackageReference;
			repositoryURL = "https://github.com/airbnb/lottie-ios";
			requirement = {
				kind = upToNextMajorVersion;
				minimumVersion = 4.0.0;
			};
		};
/* End XCRemoteSwiftPackageReference section */

/* Begin XCSwiftPackageProductDependency section */
		76BA5A1E2A1C9D9C0084C730 /* Lottie */ = {
			isa = XCSwiftPackageProductDependency;
			package = 76BA5A1D2A1C9D9C0084C730 /* XCRemoteSwiftPackageReference "lottie-ios" */;
			productName = Lottie;
		};
/* End XCSwiftPackageProductDependency section */
	};
	rootObject = 76BA5A012A1C9D080084C730 /* Project object */;
}
